{
  "version": 4,
  "terraform_version": "1.7.5",
  "serial": 620,
  "lineage": "6bce0902-f7a6-56c7-0e17-8c71dd1ebdc1",
  "outputs": {},
  "resources": [
    {
      "mode": "data",
      "type": "aws_codestarconnections_connection",
      "name": "credentials_codestar",
      "provider": "provider[\"registry.terraform.io/hashicorp/aws\"]",
      "instances": [
        {
          "schema_version": 0,
          "attributes": {
            "arn": "arn:aws:codestar-connections:us-east-1:590183870076:connection/e26255e3-cfe5-4d2f-ade0-eae9720a5281",
            "connection_status": "AVAILABLE",
            "host_arn": "",
            "id": "arn:aws:codestar-connections:us-east-1:590183870076:connection/e26255e3-cfe5-4d2f-ade0-eae9720a5281",
            "name": "issac-devops",
            "provider_type": "GitHub",
            "tags": {}
          },
          "sensitive_attributes": []
        }
      ]
    },
    {
      "mode": "data",
      "type": "aws_secretsmanager_secret",
      "name": "credentials_dockerhub",
      "provider": "provider[\"registry.terraform.io/hashicorp/aws\"]",
      "instances": [
        {
          "schema_version": 0,
          "attributes": {
            "arn": "arn:aws:secretsmanager:us-east-1:590183870076:secret:dockerhub-devops-cQIus9",
            "created_date": "2024-04-06T02:35:49Z",
            "description": "",
            "id": "arn:aws:secretsmanager:us-east-1:590183870076:secret:dockerhub-devops-cQIus9",
            "kms_key_id": "",
            "last_changed_date": "2024-04-06T02:35:50Z",
            "name": "dockerhub-devops",
            "policy": "",
            "tags": {}
          },
          "sensitive_attributes": []
        }
      ]
    },
    {
      "module": "module.codebuild_terraform",
      "mode": "managed",
      "type": "aws_codebuild_project",
      "name": "terraform_codebuild_project",
      "provider": "provider[\"registry.terraform.io/hashicorp/aws\"]",
      "instances": [
        {
          "index_key": 0,
          "schema_version": 0,
          "attributes": {
            "arn": "arn:aws:codebuild:us-east-1:590183870076:project/terraform-devops-prueba-plan",
            "artifacts": [
              {
                "artifact_identifier": "",
                "bucket_owner_access": "",
                "encryption_disabled": false,
                "location": "",
                "name": "terraform-devops-prueba-plan",
                "namespace_type": "",
                "override_artifact_name": false,
                "packaging": "NONE",
                "path": "",
                "type": "CODEPIPELINE"
              }
            ],
            "badge_enabled": false,
            "badge_url": "",
            "build_batch_config": [],
            "build_timeout": 60,
            "cache": [
              {
                "location": "",
                "modes": [],
                "type": "NO_CACHE"
              }
            ],
            "concurrent_build_limit": 0,
            "description": "",
            "encryption_key": "arn:aws:kms:us-east-1:590183870076:alias/aws/s3",
            "environment": [
              {
                "certificate": "",
                "compute_type": "BUILD_GENERAL1_SMALL",
                "environment_variable": [],
                "image": "hashicorp/terraform:1.7",
                "image_pull_credentials_type": "SERVICE_ROLE",
                "privileged_mode": true,
                "registry_credential": [
                  {
                    "credential": "arn:aws:secretsmanager:us-east-1:590183870076:secret:dockerhub-devops-cQIus9",
                    "credential_provider": "SECRETS_MANAGER"
                  }
                ],
                "type": "LINUX_CONTAINER"
              }
            ],
            "file_system_locations": [],
            "id": "arn:aws:codebuild:us-east-1:590183870076:project/terraform-devops-prueba-plan",
            "logs_config": [
              {
                "cloudwatch_logs": [
                  {
                    "group_name": "",
                    "status": "ENABLED",
                    "stream_name": ""
                  }
                ],
                "s3_logs": [
                  {
                    "bucket_owner_access": "",
                    "encryption_disabled": false,
                    "location": "",
                    "status": "DISABLED"
                  }
                ]
              }
            ],
            "name": "terraform-devops-prueba-plan",
            "project_visibility": "PRIVATE",
            "public_project_alias": "",
            "queued_timeout": 480,
            "resource_access_role": "",
            "secondary_artifacts": [],
            "secondary_source_version": [],
            "secondary_sources": [],
            "service_role": "arn:aws:iam::590183870076:role/terraform-devops-prueba-codepipeline-role",
            "source": [
              {
                "build_status_config": [],
                "buildspec": "version: 0.2\r\nphases:\r\n  pre_build:\r\n    commands:\r\n      - terraform init\r\n      - terraform validate\r\n      - ls -la\r\n  build:\r\n    commands:\r\n      - terraform plan\r\n  post_build:\r\n    commands:\r\n      - echo \"Terraform plan ejecutado con exito!\"",
                "git_clone_depth": 0,
                "git_submodules_config": [],
                "insecure_ssl": false,
                "location": "",
                "report_build_status": false,
                "type": "CODEPIPELINE"
              }
            ],
            "source_version": "",
            "tags": {
              "environment": "dev",
              "project": "terraform-devops-prueba",
              "version": "1.0.0"
            },
            "tags_all": {
              "environment": "dev",
              "project": "terraform-devops-prueba",
              "version": "1.0.0"
            },
            "vpc_config": []
          },
          "sensitive_attributes": [],
          "private": "bnVsbA==",
          "dependencies": [
            "data.aws_secretsmanager_secret.credentials_dockerhub",
            "module.codepipeline_iam_role.aws_iam_role.codepipeline_role"
          ]
        },
        {
          "index_key": 1,
          "schema_version": 0,
          "attributes": {
            "arn": "arn:aws:codebuild:us-east-1:590183870076:project/terraform-devops-prueba-apply-destroy",
            "artifacts": [
              {
                "artifact_identifier": "",
                "bucket_owner_access": "",
                "encryption_disabled": false,
                "location": "",
                "name": "terraform-devops-prueba-apply-destroy",
                "namespace_type": "",
                "override_artifact_name": false,
                "packaging": "NONE",
                "path": "",
                "type": "CODEPIPELINE"
              }
            ],
            "badge_enabled": false,
            "badge_url": "",
            "build_batch_config": [],
            "build_timeout": 60,
            "cache": [
              {
                "location": "",
                "modes": [],
                "type": "NO_CACHE"
              }
            ],
            "concurrent_build_limit": 0,
            "description": "",
            "encryption_key": "arn:aws:kms:us-east-1:590183870076:alias/aws/s3",
            "environment": [
              {
                "certificate": "",
                "compute_type": "BUILD_GENERAL1_SMALL",
                "environment_variable": [],
                "image": "hashicorp/terraform:1.7",
                "image_pull_credentials_type": "SERVICE_ROLE",
                "privileged_mode": true,
                "registry_credential": [
                  {
                    "credential": "arn:aws:secretsmanager:us-east-1:590183870076:secret:dockerhub-devops-cQIus9",
                    "credential_provider": "SECRETS_MANAGER"
                  }
                ],
                "type": "LINUX_CONTAINER"
              }
            ],
            "file_system_locations": [],
            "id": "arn:aws:codebuild:us-east-1:590183870076:project/terraform-devops-prueba-apply-destroy",
            "logs_config": [
              {
                "cloudwatch_logs": [
                  {
                    "group_name": "",
                    "status": "ENABLED",
                    "stream_name": ""
                  }
                ],
                "s3_logs": [
                  {
                    "bucket_owner_access": "",
                    "encryption_disabled": false,
                    "location": "",
                    "status": "DISABLED"
                  }
                ]
              }
            ],
            "name": "terraform-devops-prueba-apply-destroy",
            "project_visibility": "PRIVATE",
            "public_project_alias": "",
            "queued_timeout": 480,
            "resource_access_role": "",
            "secondary_artifacts": [],
            "secondary_source_version": [],
            "secondary_sources": [],
            "service_role": "arn:aws:iam::590183870076:role/terraform-devops-prueba-codepipeline-role",
            "source": [
              {
                "build_status_config": [],
                "buildspec": "version: 0.2\r\nphases:\r\n  pre_build:\r\n    commands:\r\n      - terraform init\r\n      - terraform validate\r\n      - terraform fmt\r\n  build:\r\n    commands:\r\n      - terraform apply --auto-approve\r\n      - terraform destroy --auto-approve\r\n  post_build:\r\n    commands:\r\n      - echo \"Terraform desploy y destroy completado con exito!\"",
                "git_clone_depth": 0,
                "git_submodules_config": [],
                "insecure_ssl": false,
                "location": "",
                "report_build_status": false,
                "type": "CODEPIPELINE"
              }
            ],
            "source_version": "",
            "tags": {
              "environment": "dev",
              "project": "terraform-devops-prueba",
              "version": "1.0.0"
            },
            "tags_all": {
              "environment": "dev",
              "project": "terraform-devops-prueba",
              "version": "1.0.0"
            },
            "vpc_config": []
          },
          "sensitive_attributes": [],
          "private": "bnVsbA==",
          "dependencies": [
            "data.aws_secretsmanager_secret.credentials_dockerhub",
            "module.codepipeline_iam_role.aws_iam_role.codepipeline_role"
          ]
        }
      ]
    },
    {
      "module": "module.codepipeline_iam_role",
      "mode": "data",
      "type": "aws_caller_identity",
      "name": "current",
      "provider": "provider[\"registry.terraform.io/hashicorp/aws\"]",
      "instances": [
        {
          "schema_version": 0,
          "attributes": {
            "account_id": "590183870076",
            "arn": "arn:aws:iam::590183870076:user/issac-devops-test",
            "id": "590183870076",
            "user_id": "AIDAYS2NTFZ6EGPYYDSJY"
          },
          "sensitive_attributes": []
        }
      ]
    },
    {
      "module": "module.codepipeline_iam_role",
      "mode": "data",
      "type": "aws_partition",
      "name": "current",
      "provider": "provider[\"registry.terraform.io/hashicorp/aws\"]",
      "instances": [
        {
          "schema_version": 0,
          "attributes": {
            "dns_suffix": "amazonaws.com",
            "id": "aws",
            "partition": "aws",
            "reverse_dns_prefix": "com.amazonaws"
          },
          "sensitive_attributes": []
        }
      ]
    },
    {
      "module": "module.codepipeline_iam_role",
      "mode": "data",
      "type": "aws_region",
      "name": "current",
      "provider": "provider[\"registry.terraform.io/hashicorp/aws\"]",
      "instances": [
        {
          "schema_version": 0,
          "attributes": {
            "description": "US East (N. Virginia)",
            "endpoint": "ec2.us-east-1.amazonaws.com",
            "id": "us-east-1",
            "name": "us-east-1"
          },
          "sensitive_attributes": []
        }
      ]
    },
    {
      "module": "module.codepipeline_iam_role",
      "mode": "managed",
      "type": "aws_iam_policy",
      "name": "codepipeline_policy",
      "provider": "provider[\"registry.terraform.io/hashicorp/aws\"]",
      "instances": [
        {
          "schema_version": 0,
          "attributes": {
            "arn": "arn:aws:iam::590183870076:policy/terraform-devops-prueba-codepipeline-policy",
            "description": "Política para permitir la ejecución de codepipeline",
            "id": "arn:aws:iam::590183870076:policy/terraform-devops-prueba-codepipeline-policy",
            "name": "terraform-devops-prueba-codepipeline-policy",
            "name_prefix": "",
            "path": "/",
            "policy": "{\"Statement\":[{\"Action\":[\"codestar-connections:UseConnection\"],\"Effect\":\"Allow\",\"Resource\":\"arn:aws:codestar-connections:us-east-1:590183870076:connection/*\"},{\"Action\":[\"*\"],\"Effect\":\"Allow\",\"Resource\":\"*\"}],\"Version\":\"2012-10-17\"}",
            "policy_id": "ANPAYS2NTFZ6H7MN7GPVZ",
            "tags": {
              "environment": "dev",
              "project": "terraform-devops-prueba",
              "version": "1.0.0"
            },
            "tags_all": {
              "environment": "dev",
              "project": "terraform-devops-prueba",
              "version": "1.0.0"
            }
          },
          "sensitive_attributes": [],
          "private": "bnVsbA==",
          "dependencies": [
            "module.codepipeline_iam_role.data.aws_caller_identity.current",
            "module.codepipeline_iam_role.data.aws_region.current"
          ]
        }
      ]
    },
    {
      "module": "module.codepipeline_iam_role",
      "mode": "managed",
      "type": "aws_iam_role",
      "name": "codepipeline_role",
      "provider": "provider[\"registry.terraform.io/hashicorp/aws\"]",
      "instances": [
        {
          "schema_version": 0,
          "attributes": {
            "arn": "arn:aws:iam::590183870076:role/terraform-devops-prueba-codepipeline-role",
            "assume_role_policy": "{\"Statement\":[{\"Action\":\"sts:AssumeRole\",\"Effect\":\"Allow\",\"Principal\":{\"Service\":\"codepipeline.amazonaws.com\"},\"Sid\":\"CODEPIPELINEAssumeRole\"},{\"Action\":\"sts:AssumeRole\",\"Effect\":\"Allow\",\"Principal\":{\"Service\":\"codebuild.amazonaws.com\"},\"Sid\":\"CODEBUILDAssumeRole\"}],\"Version\":\"2012-10-17\"}",
            "create_date": "2024-04-08T04:47:36Z",
            "description": "rol para definir las funciones y permisos que pueden asumir codepipeline y codebuild",
            "force_detach_policies": false,
            "id": "terraform-devops-prueba-codepipeline-role",
            "inline_policy": [],
            "managed_policy_arns": [],
            "max_session_duration": 3600,
            "name": "terraform-devops-prueba-codepipeline-role",
            "name_prefix": "",
            "path": "/",
            "permissions_boundary": "",
            "tags": {
              "environment": "dev",
              "project": "terraform-devops-prueba",
              "version": "1.0.0"
            },
            "tags_all": {
              "environment": "dev",
              "project": "terraform-devops-prueba",
              "version": "1.0.0"
            },
            "unique_id": "AROAYS2NTFZ6E7ACHJC3A"
          },
          "sensitive_attributes": [],
          "private": "bnVsbA=="
        }
      ]
    },
    {
      "module": "module.codepipeline_iam_role",
      "mode": "managed",
      "type": "aws_iam_role_policy_attachment",
      "name": "codepipeline_role_attach",
      "provider": "provider[\"registry.terraform.io/hashicorp/aws\"]",
      "instances": [
        {
          "schema_version": 0,
          "attributes": {
            "id": "terraform-devops-prueba-codepipeline-role-20240408044736319800000001",
            "policy_arn": "arn:aws:iam::590183870076:policy/terraform-devops-prueba-codepipeline-policy",
            "role": "terraform-devops-prueba-codepipeline-role"
          },
          "sensitive_attributes": [],
          "private": "bnVsbA==",
          "dependencies": [
            "module.codepipeline_iam_role.aws_iam_policy.codepipeline_policy",
            "module.codepipeline_iam_role.aws_iam_role.codepipeline_role",
            "module.codepipeline_iam_role.data.aws_caller_identity.current",
            "module.codepipeline_iam_role.data.aws_region.current"
          ]
        }
      ]
    },
    {
      "module": "module.codepipeline_terraform",
      "mode": "managed",
      "type": "aws_codepipeline",
      "name": "cicd_pipeline",
      "provider": "provider[\"registry.terraform.io/hashicorp/aws\"]",
      "instances": [
        {
          "schema_version": 0,
          "attributes": {
            "arn": "arn:aws:codepipeline:us-east-1:590183870076:terraform-devops-prueba",
            "artifact_store": [
              {
                "encryption_key": [],
                "location": "devops-bucket-artefactos-2024",
                "region": "",
                "type": "S3"
              }
            ],
            "execution_mode": "SUPERSEDED",
            "id": "terraform-devops-prueba",
            "name": "terraform-devops-prueba",
            "pipeline_type": "V2",
            "role_arn": "arn:aws:iam::590183870076:role/terraform-devops-prueba-codepipeline-role",
            "stage": [
              {
                "action": [
                  {
                    "category": "Source",
                    "configuration": {
                      "BranchName": "main",
                      "ConnectionArn": "arn:aws:codestar-connections:us-east-1:590183870076:connection/e26255e3-cfe5-4d2f-ade0-eae9720a5281",
                      "FullRepositoryId": "IssacPachecoEk/devops-prueba",
                      "OutputArtifactFormat": "CODE_ZIP"
                    },
                    "input_artifacts": null,
                    "name": "Source",
                    "namespace": "",
                    "output_artifacts": [
                      "source_output"
                    ],
                    "owner": "AWS",
                    "provider": "CodeStarSourceConnection",
                    "region": "",
                    "role_arn": "",
                    "run_order": 1,
                    "version": "1"
                  }
                ],
                "name": "Source"
              },
              {
                "action": [
                  {
                    "category": "Build",
                    "configuration": {
                      "ProjectName": "terraform-devops-prueba-plan"
                    },
                    "input_artifacts": [
                      "source_output"
                    ],
                    "name": "Action-Build",
                    "namespace": "",
                    "output_artifacts": [
                      "build_output_plan"
                    ],
                    "owner": "AWS",
                    "provider": "CodeBuild",
                    "region": "",
                    "role_arn": "",
                    "run_order": 2,
                    "version": "1"
                  }
                ],
                "name": "Stage-Plan"
              },
              {
                "action": [
                  {
                    "category": "Build",
                    "configuration": {
                      "ProjectName": "terraform-devops-prueba-apply-destroy"
                    },
                    "input_artifacts": [
                      "source_output"
                    ],
                    "name": "Action-Deploy",
                    "namespace": "",
                    "output_artifacts": [
                      "build_output_deploy_destroy"
                    ],
                    "owner": "AWS",
                    "provider": "CodeBuild",
                    "region": "",
                    "role_arn": "",
                    "run_order": 3,
                    "version": "1"
                  }
                ],
                "name": "Stage-Deploy"
              }
            ],
            "tags": {
              "environment": "dev",
              "project": "terraform-devops-prueba",
              "version": "1.0.0"
            },
            "tags_all": {
              "environment": "dev",
              "project": "terraform-devops-prueba",
              "version": "1.0.0"
            },
            "trigger": [],
            "variable": []
          },
          "sensitive_attributes": [],
          "private": "bnVsbA==",
          "dependencies": [
            "data.aws_codestarconnections_connection.credentials_codestar",
            "data.aws_secretsmanager_secret.credentials_dockerhub",
            "module.codebuild_terraform.aws_codebuild_project.terraform_codebuild_project",
            "module.codepipeline_iam_role.aws_iam_role.codepipeline_role",
            "module.s3_artifacts_bucket.aws_s3_bucket.s3_codepipeline_artifacts"
          ]
        }
      ]
    },
    {
      "module": "module.s3_artifacts_bucket",
      "mode": "managed",
      "type": "aws_s3_bucket",
      "name": "s3_codepipeline_artifacts",
      "provider": "provider[\"registry.terraform.io/hashicorp/aws\"]",
      "instances": [
        {
          "schema_version": 0,
          "attributes": {
            "acceleration_status": "",
            "acl": null,
            "arn": "arn:aws:s3:::devops-bucket-artefactos-2024",
            "bucket": "devops-bucket-artefactos-2024",
            "bucket_domain_name": "devops-bucket-artefactos-2024.s3.amazonaws.com",
            "bucket_prefix": "",
            "bucket_regional_domain_name": "devops-bucket-artefactos-2024.s3.us-east-1.amazonaws.com",
            "cors_rule": [],
            "force_destroy": false,
            "grant": [
              {
                "id": "b2f9ea4935148799b4dde31da42ec1cb4d6c01c0128f5f00be7d76bc2aca808d",
                "permissions": [
                  "FULL_CONTROL"
                ],
                "type": "CanonicalUser",
                "uri": ""
              }
            ],
            "hosted_zone_id": "Z3AQBSTGFYJSTF",
            "id": "devops-bucket-artefactos-2024",
            "lifecycle_rule": [],
            "logging": [],
            "object_lock_configuration": [],
            "object_lock_enabled": false,
            "policy": "",
            "region": "us-east-1",
            "replication_configuration": [],
            "request_payer": "BucketOwner",
            "server_side_encryption_configuration": [
              {
                "rule": [
                  {
                    "apply_server_side_encryption_by_default": [
                      {
                        "kms_master_key_id": "",
                        "sse_algorithm": "AES256"
                      }
                    ],
                    "bucket_key_enabled": false
                  }
                ]
              }
            ],
            "tags": {
              "environment": "dev",
              "project": "terraform-devops-prueba",
              "version": "1.0.0"
            },
            "tags_all": {
              "environment": "dev",
              "project": "terraform-devops-prueba",
              "version": "1.0.0"
            },
            "timeouts": null,
            "versioning": [
              {
                "enabled": false,
                "mfa_delete": false
              }
            ],
            "website": [],
            "website_domain": null,
            "website_endpoint": null
          },
          "sensitive_attributes": [],
          "private": "eyJlMmJmYjczMC1lY2FhLTExZTYtOGY4OC0zNDM2M2JjN2M0YzAiOnsiY3JlYXRlIjoxMjAwMDAwMDAwMDAwLCJkZWxldGUiOjM2MDAwMDAwMDAwMDAsInJlYWQiOjEyMDAwMDAwMDAwMDAsInVwZGF0ZSI6MTIwMDAwMDAwMDAwMH19"
        }
      ]
    }
  ],
  "check_results": null
}
